// !$*UTF8*$!
{
	archiveVersion = 1;
	classes = {
	};
	objectVersion = 46;
	objects = {

/* Begin PBXBuildFile section */
		686C4FA31CCBC0D300BD4CFD /* Communicator.swift in Sources */ = {isa = PBXBuildFile; fileRef = 686C4FA21CCBC0D300BD4CFD /* Communicator.swift */; };
		68C21F741CC2890F0077A1D5 /* AppDelegate.swift in Sources */ = {isa = PBXBuildFile; fileRef = 68C21F731CC2890F0077A1D5 /* AppDelegate.swift */; };
		68C21F761CC2890F0077A1D5 /* ViewController.swift in Sources */ = {isa = PBXBuildFile; fileRef = 68C21F751CC2890F0077A1D5 /* ViewController.swift */; };
		68C21F791CC2890F0077A1D5 /* Main.storyboard in Resources */ = {isa = PBXBuildFile; fileRef = 68C21F771CC2890F0077A1D5 /* Main.storyboard */; };
		68C21F7B1CC2890F0077A1D5 /* Assets.xcassets in Resources */ = {isa = PBXBuildFile; fileRef = 68C21F7A1CC2890F0077A1D5 /* Assets.xcassets */; };
		68C21F7E1CC2890F0077A1D5 /* LaunchScreen.storyboard in Resources */ = {isa = PBXBuildFile; fileRef = 68C21F7C1CC2890F0077A1D5 /* LaunchScreen.storyboard */; };
		68C21F891CC2890F0077A1D5 /* RealAttackTests.swift in Sources */ = {isa = PBXBuildFile; fileRef = 68C21F881CC2890F0077A1D5 /* RealAttackTests.swift */; };
		68C21F941CC3E8C40077A1D5 /* ScanViewController.swift in Sources */ = {isa = PBXBuildFile; fileRef = 68C21F931CC3E8C40077A1D5 /* ScanViewController.swift */; };
		68C21F981CC758EB0077A1D5 /* TeamListViewController.swift in Sources */ = {isa = PBXBuildFile; fileRef = 68C21F971CC758EB0077A1D5 /* TeamListViewController.swift */; };
		68C21F9E1CC75FB40077A1D5 /* TeamListTableViewCell.swift in Sources */ = {isa = PBXBuildFile; fileRef = 68C21F9D1CC75FB40077A1D5 /* TeamListTableViewCell.swift */; };
		68C21FA31CC782BC0077A1D5 /* import.m in Sources */ = {isa = PBXBuildFile; fileRef = 68C21FA21CC782BC0077A1D5 /* import.m */; };
		710E2F369AF057674505120D /* libPods.a in Frameworks */ = {isa = PBXBuildFile; fileRef = B9C282B7BF0E30BE04F4B093 /* libPods.a */; };
/* End PBXBuildFile section */

/* Begin PBXContainerItemProxy section */
		68C21F851CC2890F0077A1D5 /* PBXContainerItemProxy */ = {
			isa = PBXContainerItemProxy;
			containerPortal = 68C21F681CC2890F0077A1D5 /* Project object */;
			proxyType = 1;
			remoteGlobalIDString = 68C21F6F1CC2890F0077A1D5;
			remoteInfo = RealAttack;
		};
/* End PBXContainerItemProxy section */

/* Begin PBXFileReference section */
		686C4FA21CCBC0D300BD4CFD /* Communicator.swift */ = {isa = PBXFileReference; fileEncoding = 4; lastKnownFileType = sourcecode.swift; path = Communicator.swift; sourceTree = "<group>"; };
		68C21F701CC2890F0077A1D5 /* RealAttack.app */ = {isa = PBXFileReference; explicitFileType = wrapper.application; includeInIndex = 0; path = RealAttack.app; sourceTree = BUILT_PRODUCTS_DIR; };
		68C21F731CC2890F0077A1D5 /* AppDelegate.swift */ = {isa = PBXFileReference; lastKnownFileType = sourcecode.swift; path = AppDelegate.swift; sourceTree = "<group>"; };
		68C21F751CC2890F0077A1D5 /* ViewController.swift */ = {isa = PBXFileReference; lastKnownFileType = sourcecode.swift; path = ViewController.swift; sourceTree = "<group>"; };
		68C21F781CC2890F0077A1D5 /* Base */ = {isa = PBXFileReference; lastKnownFileType = file.storyboard; name = Base; path = Base.lproj/Main.storyboard; sourceTree = "<group>"; };
		68C21F7A1CC2890F0077A1D5 /* Assets.xcassets */ = {isa = PBXFileReference; lastKnownFileType = folder.assetcatalog; path = Assets.xcassets; sourceTree = "<group>"; };
		68C21F7D1CC2890F0077A1D5 /* Base */ = {isa = PBXFileReference; lastKnownFileType = file.storyboard; name = Base; path = Base.lproj/LaunchScreen.storyboard; sourceTree = "<group>"; };
		68C21F7F1CC2890F0077A1D5 /* Info.plist */ = {isa = PBXFileReference; lastKnownFileType = text.plist.xml; path = Info.plist; sourceTree = "<group>"; };
		68C21F841CC2890F0077A1D5 /* RealAttackTests.xctest */ = {isa = PBXFileReference; explicitFileType = wrapper.cfbundle; includeInIndex = 0; path = RealAttackTests.xctest; sourceTree = BUILT_PRODUCTS_DIR; };
		68C21F881CC2890F0077A1D5 /* RealAttackTests.swift */ = {isa = PBXFileReference; lastKnownFileType = sourcecode.swift; path = RealAttackTests.swift; sourceTree = "<group>"; };
		68C21F8A1CC2890F0077A1D5 /* Info.plist */ = {isa = PBXFileReference; lastKnownFileType = text.plist.xml; path = Info.plist; sourceTree = "<group>"; };
		68C21F931CC3E8C40077A1D5 /* ScanViewController.swift */ = {isa = PBXFileReference; fileEncoding = 4; lastKnownFileType = sourcecode.swift; path = ScanViewController.swift; sourceTree = "<group>"; };
		68C21F971CC758EB0077A1D5 /* TeamListViewController.swift */ = {isa = PBXFileReference; fileEncoding = 4; lastKnownFileType = sourcecode.swift; path = TeamListViewController.swift; sourceTree = "<group>"; };
		68C21F9D1CC75FB40077A1D5 /* TeamListTableViewCell.swift */ = {isa = PBXFileReference; fileEncoding = 4; lastKnownFileType = sourcecode.swift; path = TeamListTableViewCell.swift; sourceTree = "<group>"; };
		68C21FA11CC782BB0077A1D5 /* RealAttack-Bridging-Header.h */ = {isa = PBXFileReference; lastKnownFileType = sourcecode.c.h; path = "RealAttack-Bridging-Header.h"; sourceTree = "<group>"; };
		68C21FA21CC782BC0077A1D5 /* import.m */ = {isa = PBXFileReference; fileEncoding = 4; lastKnownFileType = sourcecode.c.objc; path = import.m; sourceTree = "<group>"; };
		A7D7E57E09A643A23540F168 /* Pods.debug.xcconfig */ = {isa = PBXFileReference; includeInIndex = 1; lastKnownFileType = text.xcconfig; name = Pods.debug.xcconfig; path = "Pods/Target Support Files/Pods/Pods.debug.xcconfig"; sourceTree = "<group>"; };
		B9C282B7BF0E30BE04F4B093 /* libPods.a */ = {isa = PBXFileReference; explicitFileType = archive.ar; includeInIndex = 0; path = libPods.a; sourceTree = BUILT_PRODUCTS_DIR; };
		C5F2D3A1F9DA18C0B2704978 /* Pods.release.xcconfig */ = {isa = PBXFileReference; includeInIndex = 1; lastKnownFileType = text.xcconfig; name = Pods.release.xcconfig; path = "Pods/Target Support Files/Pods/Pods.release.xcconfig"; sourceTree = "<group>"; };
/* End PBXFileReference section */

/* Begin PBXFrameworksBuildPhase section */
		68C21F6D1CC2890F0077A1D5 /* Frameworks */ = {
			isa = PBXFrameworksBuildPhase;
			buildActionMask = 2147483647;
			files = (
				710E2F369AF057674505120D /* libPods.a in Frameworks */,
			);
			runOnlyForDeploymentPostprocessing = 0;
		};
		68C21F811CC2890F0077A1D5 /* Frameworks */ = {
			isa = PBXFrameworksBuildPhase;
			buildActionMask = 2147483647;
			files = (
			);
			runOnlyForDeploymentPostprocessing = 0;
		};
/* End PBXFrameworksBuildPhase section */

/* Begin PBXGroup section */
		0C23C975746A8DAE4DC54BB4 /* Frameworks */ = {
			isa = PBXGroup;
			children = (
				B9C282B7BF0E30BE04F4B093 /* libPods.a */,
			);
			name = Frameworks;
			sourceTree = "<group>";
		};
		157B156D57F9A05D4BB17329 /* Pods */ = {
			isa = PBXGroup;
			children = (
				A7D7E57E09A643A23540F168 /* Pods.debug.xcconfig */,
				C5F2D3A1F9DA18C0B2704978 /* Pods.release.xcconfig */,
			);
			name = Pods;
			sourceTree = "<group>";
		};
		68C21F671CC2890F0077A1D5 = {
			isa = PBXGroup;
			children = (
				68C21F721CC2890F0077A1D5 /* RealAttack */,
				68C21F871CC2890F0077A1D5 /* RealAttackTests */,
				68C21F711CC2890F0077A1D5 /* Products */,
				157B156D57F9A05D4BB17329 /* Pods */,
				0C23C975746A8DAE4DC54BB4 /* Frameworks */,
			);
			sourceTree = "<group>";
		};
		68C21F711CC2890F0077A1D5 /* Products */ = {
			isa = PBXGroup;
			children = (
				68C21F701CC2890F0077A1D5 /* RealAttack.app */,
				68C21F841CC2890F0077A1D5 /* RealAttackTests.xctest */,
			);
			name = Products;
			sourceTree = "<group>";
		};
		68C21F721CC2890F0077A1D5 /* RealAttack */ = {
			isa = PBXGroup;
			children = (
				68C21F731CC2890F0077A1D5 /* AppDelegate.swift */,
				68C21F751CC2890F0077A1D5 /* ViewController.swift */,
				68C21F771CC2890F0077A1D5 /* Main.storyboard */,
				68C21F9D1CC75FB40077A1D5 /* TeamListTableViewCell.swift */,
				68C21F971CC758EB0077A1D5 /* TeamListViewController.swift */,
				68C21F931CC3E8C40077A1D5 /* ScanViewController.swift */,
				686C4FA21CCBC0D300BD4CFD /* Communicator.swift */,
				68C21F7A1CC2890F0077A1D5 /* Assets.xcassets */,
				68C21F7C1CC2890F0077A1D5 /* LaunchScreen.storyboard */,
				68C21F7F1CC2890F0077A1D5 /* Info.plist */,
				68C21FA21CC782BC0077A1D5 /* import.m */,
				68C21FA11CC782BB0077A1D5 /* RealAttack-Bridging-Header.h */,
			);
			path = RealAttack;
			sourceTree = "<group>";
		};
		68C21F871CC2890F0077A1D5 /* RealAttackTests */ = {
			isa = PBXGroup;
			children = (
				68C21F881CC2890F0077A1D5 /* RealAttackTests.swift */,
				68C21F8A1CC2890F0077A1D5 /* Info.plist */,
			);
			path = RealAttackTests;
			sourceTree = "<group>";
		};
/* End PBXGroup section */

/* Begin PBXNativeTarget section */
		68C21F6F1CC2890F0077A1D5 /* RealAttack */ = {
			isa = PBXNativeTarget;
			buildConfigurationList = 68C21F8D1CC2890F0077A1D5 /* Build configuration list for PBXNativeTarget "RealAttack" */;
			buildPhases = (
				C8CFFB8919E356AF9F17D5F5 /* Check Pods Manifest.lock */,
				68C21F6C1CC2890F0077A1D5 /* Sources */,
				68C21F6D1CC2890F0077A1D5 /* Frameworks */,
				68C21F6E1CC2890F0077A1D5 /* Resources */,
				1A0303FFF4902BFE6DA2B460 /* Embed Pods Frameworks */,
				9D124B353A1686B79D5FFD0B /* Copy Pods Resources */,
			);
			buildRules = (
			);
			dependencies = (
			);
			name = RealAttack;
			productName = RealAttack;
			productReference = 68C21F701CC2890F0077A1D5 /* RealAttack.app */;
			productType = "com.apple.product-type.application";
		};
		68C21F831CC2890F0077A1D5 /* RealAttackTests */ = {
			isa = PBXNativeTarget;
			buildConfigurationList = 68C21F901CC2890F0077A1D5 /* Build configuration list for PBXNativeTarget "RealAttackTests" */;
			buildPhases = (
				68C21F801CC2890F0077A1D5 /* Sources */,
				68C21F811CC2890F0077A1D5 /* Frameworks */,
				68C21F821CC2890F0077A1D5 /* Resources */,
			);
			buildRules = (
			);
			dependencies = (
				68C21F861CC2890F0077A1D5 /* PBXTargetDependency */,
			);
			name = RealAttackTests;
			productName = RealAttackTests;
			productReference = 68C21F841CC2890F0077A1D5 /* RealAttackTests.xctest */;
			productType = "com.apple.product-type.bundle.unit-test";
		};
/* End PBXNativeTarget section */

/* Begin PBXProject section */
		68C21F681CC2890F0077A1D5 /* Project object */ = {
			isa = PBXProject;
			attributes = {
				LastSwiftUpdateCheck = 0730;
				LastUpgradeCheck = 0730;
				ORGANIZATIONNAME = "Stephen-OS";
				TargetAttributes = {
					68C21F6F1CC2890F0077A1D5 = {
						CreatedOnToolsVersion = 7.3;
					};
					68C21F831CC2890F0077A1D5 = {
						CreatedOnToolsVersion = 7.3;
						DevelopmentTeam = N45B868D9Q;
						TestTargetID = 68C21F6F1CC2890F0077A1D5;
					};
				};
			};
			buildConfigurationList = 68C21F6B1CC2890F0077A1D5 /* Build configuration list for PBXProject "RealAttack" */;
			compatibilityVersion = "Xcode 3.2";
			developmentRegion = English;
			hasScannedForEncodings = 0;
			knownRegions = (
				en,
				Base,
			);
			mainGroup = 68C21F671CC2890F0077A1D5;
			productRefGroup = 68C21F711CC2890F0077A1D5 /* Products */;
			projectDirPath = "";
			projectRoot = "";
			targets = (
				68C21F6F1CC2890F0077A1D5 /* RealAttack */,
				68C21F831CC2890F0077A1D5 /* RealAttackTests */,
			);
		};
/* End PBXProject section */

/* Begin PBXResourcesBuildPhase section */
		68C21F6E1CC2890F0077A1D5 /* Resources */ = {
			isa = PBXResourcesBuildPhase;
			buildActionMask = 2147483647;
			files = (
				68C21F7E1CC2890F0077A1D5 /* LaunchScreen.storyboard in Resources */,
				68C21F7B1CC2890F0077A1D5 /* Assets.xcassets in Resources */,
				68C21F791CC2890F0077A1D5 /* Main.storyboard in Resources */,
			);
			runOnlyForDeploymentPostprocessing = 0;
		};
		68C21F821CC2890F0077A1D5 /* Resources */ = {
			isa = PBXResourcesBuildPhase;
			buildActionMask = 2147483647;
			files = (
			);
			runOnlyForDeploymentPostprocessing = 0;
		};
/* End PBXResourcesBuildPhase section */

/* Begin PBXShellScriptBuildPhase section */
		1A0303FFF4902BFE6DA2B460 /* Embed Pods Frameworks */ = {
			isa = PBXShellScriptBuildPhase;
			buildActionMask = 2147483647;
			files = (
			);
			inputPaths = (
			);
			name = "Embed Pods Frameworks";
			outputPaths = (
			);
			runOnlyForDeploymentPostprocessing = 0;
			shellPath = /bin/sh;
			shellScript = "\"${SRCROOT}/Pods/Target Support Files/Pods/Pods-frameworks.sh\"\n";
			showEnvVarsInLog = 0;
		};
		9D124B353A1686B79D5FFD0B /* Copy Pods Resources */ = {
			isa = PBXShellScriptBuildPhase;
			buildActionMask = 2147483647;
			files = (
			);
			inputPaths = (
			);
			name = "Copy Pods Resources";
			outputPaths = (
			);
			runOnlyForDeploymentPostprocessing = 0;
			shellPath = /bin/sh;
			shellScript = "\"${SRCROOT}/Pods/Target Support Files/Pods/Pods-resources.sh\"\n";
			showEnvVarsInLog = 0;
		};
		C8CFFB8919E356AF9F17D5F5 /* Check Pods Manifest.lock */ = {
			isa = PBXShellScriptBuildPhase;
			buildActionMask = 2147483647;
			files = (
			);
			inputPaths = (
			);
			name = "Check Pods Manifest.lock";
			outputPaths = (
			);
			runOnlyForDeploymentPostprocessing = 0;
			shellPath = /bin/sh;
			shellScript = "diff \"${PODS_ROOT}/../Podfile.lock\" \"${PODS_ROOT}/Manifest.lock\" > /dev/null\nif [[ $? != 0 ]] ; then\n    cat << EOM\nerror: The sandbox is not in sync with the Podfile.lock. Run 'pod install' or update your CocoaPods installation.\nEOM\n    exit 1\nfi\n";
			showEnvVarsInLog = 0;
		};
/* End PBXShellScriptBuildPhase section */

/* Begin PBXSourcesBuildPhase section */
		68C21F6C1CC2890F0077A1D5 /* Sources */ = {
			isa = PBXSourcesBuildPhase;
			buildActionMask = 2147483647;
			files = (
				68C21FA31CC782BC0077A1D5 /* import.m in Sources */,
				68C21F761CC2890F0077A1D5 /* ViewController.swift in Sources */,
				686C4FA31CCBC0D300BD4CFD /* Communicator.swift in Sources */,
				68C21F741CC2890F0077A1D5 /* AppDelegate.swift in Sources */,
				68C21F981CC758EB0077A1D5 /* TeamListViewController.swift in Sources */,
				68C21F9E1CC75FB40077A1D5 /* TeamListTableViewCell.swift in Sources */,
				68C21F941CC3E8C40077A1D5 /* ScanViewController.swift in Sources */,
			);
			runOnlyForDeploymentPostprocessing = 0;
		};
		68C21F801CC2890F0077A1D5 /* Sources */ = {
			isa = PBXSourcesBuildPhase;
			buildActionMask = 2147483647;
			files = (
				68C21F891CC2890F0077A1D5 /* RealAttackTests.swift in Sources */,
			);
			runOnlyForDeploymentPostprocessing = 0;
		};
/* End PBXSourcesBuildPhase section */

/* Begin PBXTargetDependency section */
		68C21F861CC2890F0077A1D5 /* PBXTargetDependency */ = {
			isa = PBXTargetDependency;
			target = 68C21F6F1CC2890F0077A1D5 /* RealAttack */;
			targetProxy = 68C21F851CC2890F0077A1D5 /* PBXContainerItemProxy */;
		};
/* End PBXTargetDependency section */

/* Begin PBXVariantGroup section */
		68C21F771CC2890F0077A1D5 /* Main.storyboard */ = {
			isa = PBXVariantGroup;
			children = (
				68C21F781CC2890F0077A1D5 /* Base */,
			);
			name = Main.storyboard;
			sourceTree = "<group>";
		};
		68C21F7C1CC2890F0077A1D5 /* LaunchScreen.storyboard */ = {
			isa = PBXVariantGroup;
			children = (
				68C21F7D1CC2890F0077A1D5 /* Base */,
			);
			name = LaunchScreen.storyboard;
			sourceTree = "<group>";
		};
/* End PBXVariantGroup section */

/* Begin XCBuildConfiguration section */
		68C21F8B1CC2890F0077A1D5 /* Debug */ = {
			isa = XCBuildConfiguration;
			buildSettings = {
				ALWAYS_SEARCH_USER_PATHS = NO;
				CLANG_ANALYZER_NONNULL = YES;
				CLANG_CXX_LANGUAGE_STANDARD = "gnu++0x";
				CLANG_CXX_LIBRARY = "libc++";
				CLANG_ENABLE_MODULES = YES;
				CLANG_ENABLE_OBJC_ARC = YES;
				CLANG_WARN_BOOL_CONVERSION = YES;
				CLANG_WARN_CONSTANT_CONVERSION = YES;
				CLANG_WARN_DIRECT_OBJC_ISA_USAGE = YES_ERROR;
				CLANG_WARN_EMPTY_BODY = YES;
				CLANG_WARN_ENUM_CONVERSION = YES;
				CLANG_WARN_INT_CONVERSION = YES;
				CLANG_WARN_OBJC_ROOT_CLASS = YES_ERROR;
				CLANG_WARN_UNREACHABLE_CODE = YES;
				CLANG_WARN__DUPLICATE_METHOD_MATCH = YES;
				"CODE_SIGN_IDENTITY[sdk=iphoneos*]" = "iPhone Developer";
				COPY_PHASE_STRIP = NO;
				DEBUG_INFORMATION_FORMAT = dwarf;
				ENABLE_STRICT_OBJC_MSGSEND = YES;
				ENABLE_TESTABILITY = YES;
				GCC_C_LANGUAGE_STANDARD = gnu99;
				GCC_DYNAMIC_NO_PIC = NO;
				GCC_NO_COMMON_BLOCKS = YES;
				GCC_OPTIMIZATION_LEVEL = 0;
				GCC_PREPROCESSOR_DEFINITIONS = (
					"DEBUG=1",
					"$(inherited)",
				);
				GCC_WARN_64_TO_32_BIT_CONVERSION = YES;
				GCC_WARN_ABOUT_RETURN_TYPE = YES_ERROR;
				GCC_WARN_UNDECLARED_SELECTOR = YES;
				GCC_WARN_UNINITIALIZED_AUTOS = YES_AGGRESSIVE;
				GCC_WARN_UNUSED_FUNCTION = YES;
				GCC_WARN_UNUSED_VARIABLE = YES;
				IPHONEOS_DEPLOYMENT_TARGET = 9.3;
				MTL_ENABLE_DEBUG_INFO = YES;
				ONLY_ACTIVE_ARCH = YES;
				SDKROOT = iphoneos;
				SWIFT_OPTIMIZATION_LEVEL = "-Onone";
				TARGETED_DEVICE_FAMILY = "1,2";
			};
			name = Debug;
		};
		68C21F8C1CC2890F0077A1D5 /* Release */ = {
			isa = XCBuildConfiguration;
			buildSettings = {
				ALWAYS_SEARCH_USER_PATHS = NO;
				CLANG_ANALYZER_NONNULL = YES;
				CLANG_CXX_LANGUAGE_STANDARD = "gnu++0x";
				CLANG_CXX_LIBRARY = "libc++";
				CLANG_ENABLE_MODULES = YES;
				CLANG_ENABLE_OBJC_ARC = YES;
				CLANG_WARN_BOOL_CONVERSION = YES;
				CLANG_WARN_CONSTANT_CONVERSION = YES;
				CLANG_WARN_DIRECT_OBJC_ISA_USAGE = YES_ERROR;
				CLANG_WARN_EMPTY_BODY = YES;
				CLANG_WARN_ENUM_CONVERSION = YES;
				CLANG_WARN_INT_CONVERSION = YES;
				CLANG_WARN_OBJC_ROOT_CLASS = YES_ERROR;
				CLANG_WARN_UNREACHABLE_CODE = YES;
				CLANG_WARN__DUPLICATE_METHOD_MATCH = YES;
				"CODE_SIGN_IDENTITY[sdk=iphoneos*]" = "iPhone Developer";
				COPY_PHASE_STRIP = NO;
				DEBUG_INFORMATION_FORMAT = "dwarf-with-dsym";
				ENABLE_NS_ASSERTIONS = NO;
				ENABLE_STRICT_OBJC_MSGSEND = YES;
				GCC_C_LANGUAGE_STANDARD = gnu99;
				GCC_NO_COMMON_BLOCKS = YES;
				GCC_WARN_64_TO_32_BIT_CONVERSION = YES;
				GCC_WARN_ABOUT_RETURN_TYPE = YES_ERROR;
				GCC_WARN_UNDECLARED_SELECTOR = YES;
				GCC_WARN_UNINITIALIZED_AUTOS = YES_AGGRESSIVE;
				GCC_WARN_UNUSED_FUNCTION = YES;
				GCC_WARN_UNUSED_VARIABLE = YES;
				IPHONEOS_DEPLOYMENT_TARGET = 9.3;
				MTL_ENABLE_DEBUG_INFO = NO;
				SDKROOT = iphoneos;
				TARGETED_DEVICE_FAMILY = "1,2";
				VALIDATE_PRODUCT = YES;
			};
			name = Release;
		};
		68C21F8E1CC2890F0077A1D5 /* Debug */ = {
			isa = XCBuildConfiguration;
			baseConfigurationReference = A7D7E57E09A643A23540F168 /* Pods.debug.xcconfig */;
			buildSettings = {
				ASSETCATALOG_COMPILER_APPICON_NAME = AppIcon;
				CLANG_ENABLE_MODULES = YES;
				CODE_SIGN_IDENTITY = "iPhone Developer";
				INFOPLIST_FILE = RealAttack/Info.plist;
				LD_RUNPATH_SEARCH_PATHS = "$(inherited) @executable_path/Frameworks";
				PRODUCT_BUNDLE_IDENTIFIER = com.StephonTW.RealAttack;
				PRODUCT_NAME = "$(TARGET_NAME)";
				SWIFT_OBJC_BRIDGING_HEADER = "RealAttack/RealAttack-Bridging-Header.h";
				SWIFT_OPTIMIZATION_LEVEL = "-Onone";
			};
			name = Debug;
		};
		68C21F8F1CC2890F0077A1D5 /* Release */ = {
			isa = XCBuildConfiguration;
			baseConfigurationReference = C5F2D3A1F9DA18C0B2704978 /* Pods.release.xcconfig */;
			buildSettings = {
				ASSETCATALOG_COMPILER_APPICON_NAME = AppIcon;
				CLANG_ENABLE_MODULES = YES;
				CODE_SIGN_IDENTITY = "iPhone Developer";
				INFOPLIST_FILE = RealAttack/Info.plist;
				LD_RUNPATH_SEARCH_PATHS = "$(inherited) @executable_path/Frameworks";
				PRODUCT_BUNDLE_IDENTIFIER = com.StephonTW.RealAttack;
				PRODUCT_NAME = "$(TARGET_NAME)";
				SWIFT_OBJC_BRIDGING_HEADER = "RealAttack/RealAttack-Bridging-Header.h";
			};
			name = Release;
		};
		68C21F911CC2890F0077A1D5 /* Debug */ = {
			isa = XCBuildConfiguration;
			buildSettings = {
				BUNDLE_LOADER = "$(TEST_HOST)";
				INFOPLIST_FILE = RealAttackTests/Info.plist;
				LD_RUNPATH_SEARCH_PATHS = "$(inherited) @executable_path/Frameworks @loader_path/Frameworks";
				PRODUCT_BUNDLE_IDENTIFIER = com.StephonTW.RealAttackTests;
				PRODUCT_NAME = "$(TARGET_NAME)";
				TEST_HOST = "$(BUILT_PRODUCTS_DIR)/RealAttack.app/RealAttack";
			};
			name = Debug;
		};
		68C21F921CC2890F0077A1D5 /* Release */ = {
			isa = XCBuildConfiguration;
			buildSettings = {
				BUNDLE_LOADER = "$(TEST_HOST)";
				INFOPLIST_FILE = RealAttackTests/Info.plist;
				LD_RUNPATH_SEARCH_PATHS = "$(inherited) @executable_path/Frameworks @loader_path/Frameworks";
				PRODUCT_BUNDLE_IDENTIFIER = com.StephonTW.RealAttackTests;
				PRODUCT_NAME = "$(TARGET_NAME)";
				TEST_HOST = "$(BUILT_PRODUCTS_DIR)/RealAttack.app/RealAttack";
			};
			name = Release;
		};
/* End XCBuildConfiguration section */

/* Begin XCConfigurationList section */
		68C21F6B1CC2890F0077A1D5 /* Build configuration list for PBXProject "RealAttack" */ = {
			isa = XCConfigurationList;
			buildConfigurations = (
				68C21F8B1CC2890F0077A1D5 /* Debug */,
				68C21F8C1CC2890F0077A1D5 /* Release */,
			);
			defaultConfigurationIsVisible = 0;
			defaultConfigurationName = Release;
		};
		68C21F8D1CC2890F0077A1D5 /* Build configuration list for PBXNativeTarget "RealAttack" */ = {
			isa = XCConfigurationList;
			buildConfigurations = (
				68C21F8E1CC2890F0077A1D5 /* Debug */,
				68C21F8F1CC2890F0077A1D5 /* Release */,
			);
			defaultConfigurationIsVisible = 0;
			defaultConfigurationName = Release;
		};
		68C21F901CC2890F0077A1D5 /* Build configuration list for PBXNativeTarget "RealAttackTests" */ = {
			isa = XCConfigurationList;
			buildConfigurations = (
				68C21F911CC2890F0077A1D5 /* Debug */,
				68C21F921CC2890F0077A1D5 /* Release */,
			);
			defaultConfigurationIsVisible = 0;
			defaultConfigurationName = Release;
		};
/* End XCConfigurationList section */
	};
	rootObject = 68C21F681CC2890F0077A1D5 /* Project object */;
}
